
Microsoft Visual Studio Solution File, Format Version 12.00
# Visual Studio 14
VisualStudioVersion = 14.0.24720.0
MinimumVisualStudioVersion = 10.0.40219.1
Project("{FAE04EC0-301F-11D3-BF4B-00C04F79EFBC}") = "proxy", "proxy\proxy.csproj", "{6AE4E7F0-3D8A-4A66-8C98-9C7BDEC401D5}"
EndProject
Project("{FAE04EC0-301F-11D3-BF4B-00C04F79EFBC}") = "OTP", "OTP\OTP.csproj", "{9C066892-622E-4BAB-AF18-FF3D70963828}"
EndProject
Global
	GlobalSection(SolutionConfigurationPlatforms) = preSolution
		Debug|Any CPU = Debug|Any CPU
		Release|Any CPU = Release|Any CPU
	EndGlobalSection
	GlobalSection(ProjectConfigurationPlatforms) = postSolution
		{6AE4E7F0-3D8A-4A66-8C98-9C7BDEC401D5}.Debug|Any CPU.ActiveCfg = Debug|Any CPU
		{6AE4E7F0-3D8A-4A66-8C98-9C7BDEC401D5}.Debug|Any CPU.Build.0 = Debug|Any CPU
		{6AE4E7F0-3D8A-4A66-8C98-9C7BDEC401D5}.Release|Any CPU.ActiveCfg = Release|Any CPU
		{6AE4E7F0-3D8A-4A66-8C98-9C7BDEC401D5}.Release|Any CPU.Build.0 = Release|Any CPU
		{9C066892-622E-4BAB-AF18-FF3D70963828}.Debug|Any CPU.ActiveCfg = Debug|Any CPU
		{9C066892-622E-4BAB-AF18-FF3D70963828}.Debug|Any CPU.Build.0 = Debug|Any CPU
		{9C066892-622E-4BAB-AF18-FF3D70963828}.Release|Any CPU.ActiveCfg = Release|Any CPU
		{9C066892-622E-4BAB-AF18-FF3D70963828}.Release|Any CPU.Build.0 = Release|Any CPU
	EndGlobalSection
	GlobalSection(SolutionProperties) = preSolution
		HideSolutionNode = FALSE
	EndGlobalSection
	GlobalSection(TeamFoundationVersionControl) = preSolution
		SccNumberOfProjects = 1
		SccEnterpriseProvider = {4CA58AB2-18FA-4F8D-95D4-32DDF27D184C}
		SccTeamFoundationServer = https://nelsonjames.visualstudio.com/defaultcollection
		SccProjectUniqueName0 = proxy\\proxy.csproj
		SccProjectName0 = proxy
		SccAuxPath0 = https://nelsonjames.visualstudio.com/defaultcollection
		SccLocalPath0 = proxy
		SccProvider0 = {4CA58AB2-18FA-4F8D-95D4-32DDF27D184C}
	EndGlobalSection
EndGlobal
